
Microsoft Visual Studio Solution File, Format Version 12.00
# Visual Studio Version 16
VisualStudioVersion = 16.0.29230.47
MinimumVisualStudioVersion = 10.0.40219.1
Project("{FAE04EC0-301F-11D3-BF4B-00C04F79EFBC}") = "NominaSoft", "NominaSoft\NominaSoft.csproj", "{50254CFD-FF95-4FF1-8EE8-6712338D3BA3}"
EndProject
Project("{FAE04EC0-301F-11D3-BF4B-00C04F79EFBC}") = "Modelo", "Modelo\Modelo.csproj", "{CD8CB6D1-5B96-477A-A794-9BBF99509521}"
EndProject
Project("{FAE04EC0-301F-11D3-BF4B-00C04F79EFBC}") = "ModeloPrueba", "ModeloPrueba\ModeloPrueba.csproj", "{9671CF06-FC50-44AF-B6D9-CC3494CE2376}"
EndProject
Global
	GlobalSection(SolutionConfigurationPlatforms) = preSolution
		Debug|Any CPU = Debug|Any CPU
		Release|Any CPU = Release|Any CPU
	EndGlobalSection
	GlobalSection(ProjectConfigurationPlatforms) = postSolution
		{50254CFD-FF95-4FF1-8EE8-6712338D3BA3}.Debug|Any CPU.ActiveCfg = Debug|Any CPU
		{50254CFD-FF95-4FF1-8EE8-6712338D3BA3}.Debug|Any CPU.Build.0 = Debug|Any CPU
		{50254CFD-FF95-4FF1-8EE8-6712338D3BA3}.Release|Any CPU.ActiveCfg = Release|Any CPU
		{50254CFD-FF95-4FF1-8EE8-6712338D3BA3}.Release|Any CPU.Build.0 = Release|Any CPU
		{CD8CB6D1-5B96-477A-A794-9BBF99509521}.Debug|Any CPU.ActiveCfg = Debug|Any CPU
		{CD8CB6D1-5B96-477A-A794-9BBF99509521}.Debug|Any CPU.Build.0 = Debug|Any CPU
		{CD8CB6D1-5B96-477A-A794-9BBF99509521}.Release|Any CPU.ActiveCfg = Release|Any CPU
		{CD8CB6D1-5B96-477A-A794-9BBF99509521}.Release|Any CPU.Build.0 = Release|Any CPU
		{9671CF06-FC50-44AF-B6D9-CC3494CE2376}.Debug|Any CPU.ActiveCfg = Debug|Any CPU
		{9671CF06-FC50-44AF-B6D9-CC3494CE2376}.Debug|Any CPU.Build.0 = Debug|Any CPU
		{9671CF06-FC50-44AF-B6D9-CC3494CE2376}.Release|Any CPU.ActiveCfg = Release|Any CPU
		{9671CF06-FC50-44AF-B6D9-CC3494CE2376}.Release|Any CPU.Build.0 = Release|Any CPU
	EndGlobalSection
	GlobalSection(SolutionProperties) = preSolution
		HideSolutionNode = FALSE
	EndGlobalSection
	GlobalSection(ExtensibilityGlobals) = postSolution
		SolutionGuid = {B33C4729-576A-4B49-BF4C-118737D314E0}
	EndGlobalSection
EndGlobal
